
Microsoft Visual Studio Solution File, Format Version 12.00
# Visual Studio Version 16
VisualStudioVersion = 16.0.29009.5
MinimumVisualStudioVersion = 10.0.40219.1
Project("{FAE04EC0-301F-11D3-BF4B-00C04F79EFBC}") = "MultySymMaker", "MultySymMaker\MultySymMaker.csproj", "{8657F903-9EC0-41D9-9733-F30C58FA29E5}"
EndProject
Global
	GlobalSection(SolutionConfigurationPlatforms) = preSolution
		Debug|Any CPU = Debug|Any CPU
		Release|Any CPU = Release|Any CPU
	EndGlobalSection
	GlobalSection(ProjectConfigurationPlatforms) = postSolution
		{8657F903-9EC0-41D9-9733-F30C58FA29E5}.Debug|Any CPU.ActiveCfg = Debug|Any CPU
		{8657F903-9EC0-41D9-9733-F30C58FA29E5}.Debug|Any CPU.Build.0 = Debug|Any CPU
		{8657F903-9EC0-41D9-9733-F30C58FA29E5}.Release|Any CPU.ActiveCfg = Release|Any CPU
		{8657F903-9EC0-41D9-9733-F30C58FA29E5}.Release|Any CPU.Build.0 = Release|Any CPU
	EndGlobalSection
	GlobalSection(SolutionProperties) = preSolution
		HideSolutionNode = FALSE
	EndGlobalSection
	GlobalSection(ExtensibilityGlobals) = postSolution
		SolutionGuid = {02FC3255-7E41-4EB5-A890-25BB35333D52}
	EndGlobalSection
EndGlobal
